
Microsoft Visual Studio Solution File, Format Version 12.00
# Visual Studio Version 17
VisualStudioVersion = 17.2.32505.173
MinimumVisualStudioVersion = 10.0.40219.1
Project("{9A19103F-16F7-4668-BE54-9A1E7A4F7556}") = "Supernova", "Supernova\Supernova.csproj", "{3E303F35-0255-45B0-A7C2-87927977FFFE}"
EndProject
Project("{FAE04EC0-301F-11D3-BF4B-00C04F79EFBC}") = "SupernovaServer", "SupernovaServer\SupernovaServer.csproj", "{25A73664-CDBE-449D-A20E-BD61562799F0}"
EndProject
Project("{FAE04EC0-301F-11D3-BF4B-00C04F79EFBC}") = "SupernovaLibrary", "SupernovaLibrary\SupernovaLibrary.csproj", "{CEF240C7-D4F8-4F0B-90E1-A4F347A9DFFF}"
EndProject
Global
	GlobalSection(SolutionConfigurationPlatforms) = preSolution
		Debug|Any CPU = Debug|Any CPU
		Release|Any CPU = Release|Any CPU
	EndGlobalSection
	GlobalSection(ProjectConfigurationPlatforms) = postSolution
		{3E303F35-0255-45B0-A7C2-87927977FFFE}.Debug|Any CPU.ActiveCfg = Debug|Any CPU
		{3E303F35-0255-45B0-A7C2-87927977FFFE}.Debug|Any CPU.Build.0 = Debug|Any CPU
		{3E303F35-0255-45B0-A7C2-87927977FFFE}.Release|Any CPU.ActiveCfg = Release|Any CPU
		{3E303F35-0255-45B0-A7C2-87927977FFFE}.Release|Any CPU.Build.0 = Release|Any CPU
		{25A73664-CDBE-449D-A20E-BD61562799F0}.Debug|Any CPU.ActiveCfg = Debug|Any CPU
		{25A73664-CDBE-449D-A20E-BD61562799F0}.Debug|Any CPU.Build.0 = Debug|Any CPU
		{25A73664-CDBE-449D-A20E-BD61562799F0}.Release|Any CPU.ActiveCfg = Release|Any CPU
		{25A73664-CDBE-449D-A20E-BD61562799F0}.Release|Any CPU.Build.0 = Release|Any CPU
		{CEF240C7-D4F8-4F0B-90E1-A4F347A9DFFF}.Debug|Any CPU.ActiveCfg = Debug|Any CPU
		{CEF240C7-D4F8-4F0B-90E1-A4F347A9DFFF}.Debug|Any CPU.Build.0 = Debug|Any CPU
		{CEF240C7-D4F8-4F0B-90E1-A4F347A9DFFF}.Release|Any CPU.ActiveCfg = Release|Any CPU
		{CEF240C7-D4F8-4F0B-90E1-A4F347A9DFFF}.Release|Any CPU.Build.0 = Release|Any CPU
	EndGlobalSection
	GlobalSection(SolutionProperties) = preSolution
		HideSolutionNode = FALSE
	EndGlobalSection
	GlobalSection(ExtensibilityGlobals) = postSolution
		SolutionGuid = {A704E2AE-631E-4D73-9F4B-C5A63C0718D0}
	EndGlobalSection
EndGlobal
